// !$*UTF8*$!
{
	archiveVersion = 1;
	classes = {
	};
	objectVersion = 48;
	objects = {

/* Begin PBXBuildFile section */
		B60A849A1FF1E131005C97B3 /* AppDelegate.m in Sources */ = {isa = PBXBuildFile; fileRef = B60A84991FF1E131005C97B3 /* AppDelegate.m */; };
		B60A849D1FF1E131005C97B3 /* ViewController.m in Sources */ = {isa = PBXBuildFile; fileRef = B60A849C1FF1E131005C97B3 /* ViewController.m */; };
		B60A84A01FF1E131005C97B3 /* Main.storyboard in Resources */ = {isa = PBXBuildFile; fileRef = B60A849E1FF1E131005C97B3 /* Main.storyboard */; };
		B60A84A21FF1E131005C97B3 /* Assets.xcassets in Resources */ = {isa = PBXBuildFile; fileRef = B60A84A11FF1E131005C97B3 /* Assets.xcassets */; };
		B60A84A51FF1E131005C97B3 /* LaunchScreen.storyboard in Resources */ = {isa = PBXBuildFile; fileRef = B60A84A31FF1E131005C97B3 /* LaunchScreen.storyboard */; };
		B60A84A81FF1E131005C97B3 /* main.m in Sources */ = {isa = PBXBuildFile; fileRef = B60A84A71FF1E131005C97B3 /* main.m */; };
		B60A84B41FF1F664005C97B3 /* HaiWKWebView.html in Resources */ = {isa = PBXBuildFile; fileRef = B60A84B31FF1F664005C97B3 /* HaiWKWebView.html */; };
		B60A84B81FF21B5A005C97B3 /* bg.jpg in Resources */ = {isa = PBXBuildFile; fileRef = B60A84B71FF21B5A005C97B3 /* bg.jpg */; };
		B6CD44921FF3742F003D23BA /* WKWebView-JS.gif in Resources */ = {isa = PBXBuildFile; fileRef = B6CD44911FF3742F003D23BA /* WKWebView-JS.gif */; };
/* End PBXBuildFile section */

/* Begin PBXFileReference section */
		B60A84951FF1E131005C97B3 /* WKWebViewJS.app */ = {isa = PBXFileReference; explicitFileType = wrapper.application; includeInIndex = 0; path = WKWebViewJS.app; sourceTree = BUILT_PRODUCTS_DIR; };
		B60A84981FF1E131005C97B3 /* AppDelegate.h */ = {isa = PBXFileReference; lastKnownFileType = sourcecode.c.h; path = AppDelegate.h; sourceTree = "<group>"; };
		B60A84991FF1E131005C97B3 /* AppDelegate.m */ = {isa = PBXFileReference; lastKnownFileType = sourcecode.c.objc; path = AppDelegate.m; sourceTree = "<group>"; };
		B60A849B1FF1E131005C97B3 /* ViewController.h */ = {isa = PBXFileReference; lastKnownFileType = sourcecode.c.h; path = ViewController.h; sourceTree = "<group>"; };
		B60A849C1FF1E131005C97B3 /* ViewController.m */ = {isa = PBXFileReference; lastKnownFileType = sourcecode.c.objc; path = ViewController.m; sourceTree = "<group>"; };
		B60A849F1FF1E131005C97B3 /* Base */ = {isa = PBXFileReference; lastKnownFileType = file.storyboard; name = Base; path = Base.lproj/Main.storyboard; sourceTree = "<group>"; };
		B60A84A11FF1E131005C97B3 /* Assets.xcassets */ = {isa = PBXFileReference; lastKnownFileType = folder.assetcatalog; path = Assets.xcassets; sourceTree = "<group>"; };
		B60A84A41FF1E131005C97B3 /* Base */ = {isa = PBXFileReference; lastKnownFileType = file.storyboard; name = Base; path = Base.lproj/LaunchScreen.storyboard; sourceTree = "<group>"; };
		B60A84A61FF1E131005C97B3 /* Info.plist */ = {isa = PBXFileReference; lastKnownFileType = text.plist.xml; path = Info.plist; sourceTree = "<group>"; };
		B60A84A71FF1E131005C97B3 /* main.m */ = {isa = PBXFileReference; lastKnownFileType = sourcecode.c.objc; path = main.m; sourceTree = "<group>"; };
		B60A84B31FF1F664005C97B3 /* HaiWKWebView.html */ = {isa = PBXFileReference; fileEncoding = 4; lastKnownFileType = text.html; path = HaiWKWebView.html; sourceTree = "<group>"; };
		B60A84B71FF21B5A005C97B3 /* bg.jpg */ = {isa = PBXFileReference; lastKnownFileType = image.jpeg; path = bg.jpg; sourceTree = "<group>"; };
		B6CD44911FF3742F003D23BA /* WKWebView-JS.gif */ = {isa = PBXFileReference; lastKnownFileType = image.gif; path = "WKWebView-JS.gif"; sourceTree = "<group>"; };
/* End PBXFileReference section */

/* Begin PBXFrameworksBuildPhase section */
		B60A84921FF1E131005C97B3 /* Frameworks */ = {
			isa = PBXFrameworksBuildPhase;
			buildActionMask = 2147483647;
			files = (
			);
			runOnlyForDeploymentPostprocessing = 0;
		};
/* End PBXFrameworksBuildPhase section */

/* Begin PBXGroup section */
		B60A848C1FF1E131005C97B3 = {
			isa = PBXGroup;
			children = (
				B60A84971FF1E131005C97B3 /* WKWebViewJS */,
				B60A84961FF1E131005C97B3 /* Products */,
			);
			sourceTree = "<group>";
		};
		B60A84961FF1E131005C97B3 /* Products */ = {
			isa = PBXGroup;
			children = (
				B60A84951FF1E131005C97B3 /* WKWebViewJS.app */,
			);
			name = Products;
			sourceTree = "<group>";
		};
		B60A84971FF1E131005C97B3 /* WKWebViewJS */ = {
			isa = PBXGroup;
			children = (
				B60A84981FF1E131005C97B3 /* AppDelegate.h */,
				B60A84991FF1E131005C97B3 /* AppDelegate.m */,
				B60A849B1FF1E131005C97B3 /* ViewController.h */,
				B60A849C1FF1E131005C97B3 /* ViewController.m */,
				B60A84B21FF1F655005C97B3 /* JSfile */,
				B6CD44901FF3741B003D23BA /* ShowImgs */,
				B60A849E1FF1E131005C97B3 /* Main.storyboard */,
				B60A84A11FF1E131005C97B3 /* Assets.xcassets */,
				B60A84A31FF1E131005C97B3 /* LaunchScreen.storyboard */,
				B60A84A61FF1E131005C97B3 /* Info.plist */,
				B60A84A71FF1E131005C97B3 /* main.m */,
			);
			path = WKWebViewJS;
			sourceTree = "<group>";
		};
		B60A84B21FF1F655005C97B3 /* JSfile */ = {
			isa = PBXGroup;
			children = (
				B60A84B31FF1F664005C97B3 /* HaiWKWebView.html */,
				B60A84B71FF21B5A005C97B3 /* bg.jpg */,
			);
			path = JSfile;
			sourceTree = "<group>";
		};
		B6CD44901FF3741B003D23BA /* ShowImgs */ = {
			isa = PBXGroup;
			children = (
				B6CD44911FF3742F003D23BA /* WKWebView-JS.gif */,
			);
			name = ShowImgs;
			path = WKWebViewJS/ShowImgs;
			sourceTree = SOURCE_ROOT;
		};
/* End PBXGroup section */

/* Begin PBXNativeTarget section */
		B60A84941FF1E131005C97B3 /* WKWebViewJS */ = {
			isa = PBXNativeTarget;
			buildConfigurationList = B60A84AB1FF1E131005C97B3 /* Build configuration list for PBXNativeTarget "WKWebViewJS" */;
			buildPhases = (
				B60A84911FF1E131005C97B3 /* Sources */,
				B60A84921FF1E131005C97B3 /* Frameworks */,
				B60A84931FF1E131005C97B3 /* Resources */,
			);
			buildRules = (
			);
			dependencies = (
			);
			name = WKWebViewJS;
			productName = WKWebViewJS;
			productReference = B60A84951FF1E131005C97B3 /* WKWebViewJS.app */;
			productType = "com.apple.product-type.application";
		};
/* End PBXNativeTarget section */

/* Begin PBXProject section */
		B60A848D1FF1E131005C97B3 /* Project object */ = {
			isa = PBXProject;
			attributes = {
				LastUpgradeCheck = 0910;
				ORGANIZATIONNAME = hai;
				TargetAttributes = {
					B60A84941FF1E131005C97B3 = {
						CreatedOnToolsVersion = 9.1;
						ProvisioningStyle = Automatic;
					};
				};
			};
			buildConfigurationList = B60A84901FF1E131005C97B3 /* Build configuration list for PBXProject "WKWebViewJS" */;
			compatibilityVersion = "Xcode 8.0";
			developmentRegion = en;
			hasScannedForEncodings = 0;
			knownRegions = (
				en,
				Base,
			);
			mainGroup = B60A848C1FF1E131005C97B3;
			productRefGroup = B60A84961FF1E131005C97B3 /* Products */;
			projectDirPath = "";
			projectRoot = "";
			targets = (
				B60A84941FF1E131005C97B3 /* WKWebViewJS */,
			);
		};
/* End PBXProject section */

/* Begin PBXResourcesBuildPhase section */
		B60A84931FF1E131005C97B3 /* Resources */ = {
			isa = PBXResourcesBuildPhase;
			buildActionMask = 2147483647;
			files = (
				B60A84B81FF21B5A005C97B3 /* bg.jpg in Resources */,
				B6CD44921FF3742F003D23BA /* WKWebView-JS.gif in Resources */,
				B60A84A51FF1E131005C97B3 /* LaunchScreen.storyboard in Resources */,
				B60A84B41FF1F664005C97B3 /* HaiWKWebView.html in Resources */,
				B60A84A21FF1E131005C97B3 /* Assets.xcassets in Resources */,
				B60A84A01FF1E131005C97B3 /* Main.storyboard in Resources */,
			);
			runOnlyForDeploymentPostprocessing = 0;
		};
/* End PBXResourcesBuildPhase section */

/* Begin PBXSourcesBuildPhase section */
		B60A84911FF1E131005C97B3 /* Sources */ = {
			isa = PBXSourcesBuildPhase;
			buildActionMask = 2147483647;
			files = (
				B60A849D1FF1E131005C97B3 /* ViewController.m in Sources */,
				B60A84A81FF1E131005C97B3 /* main.m in Sources */,
				B60A849A1FF1E131005C97B3 /* AppDelegate.m in Sources */,
			);
			runOnlyForDeploymentPostprocessing = 0;
		};
/* End PBXSourcesBuildPhase section */

/* Begin PBXVariantGroup section */
		B60A849E1FF1E131005C97B3 /* Main.storyboard */ = {
			isa = PBXVariantGroup;
			children = (
				B60A849F1FF1E131005C97B3 /* Base */,
			);
			name = Main.storyboard;
			sourceTree = "<group>";
		};
		B60A84A31FF1E131005C97B3 /* LaunchScreen.storyboard */ = {
			isa = PBXVariantGroup;
			children = (
				B60A84A41FF1E131005C97B3 /* Base */,
			);
			name = LaunchScreen.storyboard;
			sourceTree = "<group>";
		};
/* End PBXVariantGroup section */

/* Begin XCBuildConfiguration section */
		B60A84A91FF1E131005C97B3 /* Debug */ = {
			isa = XCBuildConfiguration;
			buildSettings = {
				ALWAYS_SEARCH_USER_PATHS = NO;
				CLANG_ANALYZER_NONNULL = YES;
				CLANG_ANALYZER_NUMBER_OBJECT_CONVERSION = YES_AGGRESSIVE;
				CLANG_CXX_LANGUAGE_STANDARD = "gnu++14";
				CLANG_CXX_LIBRARY = "libc++";
				CLANG_ENABLE_MODULES = YES;
				CLANG_ENABLE_OBJC_ARC = YES;
				CLANG_WARN_BLOCK_CAPTURE_AUTORELEASING = YES;
				CLANG_WARN_BOOL_CONVERSION = YES;
				CLANG_WARN_COMMA = YES;
				CLANG_WARN_CONSTANT_CONVERSION = YES;
				CLANG_WARN_DIRECT_OBJC_ISA_USAGE = YES_ERROR;
				CLANG_WARN_DOCUMENTATION_COMMENTS = YES;
				CLANG_WARN_EMPTY_BODY = YES;
				CLANG_WARN_ENUM_CONVERSION = YES;
				CLANG_WARN_INFINITE_RECURSION = YES;
				CLANG_WARN_INT_CONVERSION = YES;
				CLANG_WARN_NON_LITERAL_NULL_CONVERSION = YES;
				CLANG_WARN_OBJC_LITERAL_CONVERSION = YES;
				CLANG_WARN_OBJC_ROOT_CLASS = YES_ERROR;
				CLANG_WARN_RANGE_LOOP_ANALYSIS = YES;
				CLANG_WARN_STRICT_PROTOTYPES = YES;
				CLANG_WARN_SUSPICIOUS_MOVE = YES;
				CLANG_WARN_UNGUARDED_AVAILABILITY = YES_AGGRESSIVE;
				CLANG_WARN_UNREACHABLE_CODE = YES;
				CLANG_WARN__DUPLICATE_METHOD_MATCH = YES;
				CODE_SIGN_IDENTITY = "iPhone Developer";
				COPY_PHASE_STRIP = NO;
				DEBUG_INFORMATION_FORMAT = dwarf;
				ENABLE_STRICT_OBJC_MSGSEND = YES;
				ENABLE_TESTABILITY = YES;
				GCC_C_LANGUAGE_STANDARD = gnu11;
				GCC_DYNAMIC_NO_PIC = NO;
				GCC_NO_COMMON_BLOCKS = YES;
				GCC_OPTIMIZATION_LEVEL = 0;
				GCC_PREPROCESSOR_DEFINITIONS = (
					"DEBUG=1",
					"$(inherited)",
				);
				GCC_WARN_64_TO_32_BIT_CONVERSION = YES;
				GCC_WARN_ABOUT_RETURN_TYPE = YES_ERROR;
				GCC_WARN_UNDECLARED_SELECTOR = YES;
				GCC_WARN_UNINITIALIZED_AUTOS = YES_AGGRESSIVE;
				GCC_WARN_UNUSED_FUNCTION = YES;
				GCC_WARN_UNUSED_VARIABLE = YES;
				IPHONEOS_DEPLOYMENT_TARGET = 11.1;
				MTL_ENABLE_DEBUG_INFO = YES;
				ONLY_ACTIVE_ARCH = YES;
				SDKROOT = iphoneos;
			};
			name = Debug;
		};
		B60A84AA1FF1E131005C97B3 /* Release */ = {
			isa = XCBuildConfiguration;
			buildSettings = {
				ALWAYS_SEARCH_USER_PATHS = NO;
				CLANG_ANALYZER_NONNULL = YES;
				CLANG_ANALYZER_NUMBER_OBJECT_CONVERSION = YES_AGGRESSIVE;
				CLANG_CXX_LANGUAGE_STANDARD = "gnu++14";
				CLANG_CXX_LIBRARY = "libc++";
				CLANG_ENABLE_MODULES = YES;
				CLANG_ENABLE_OBJC_ARC = YES;
				CLANG_WARN_BLOCK_CAPTURE_AUTORELEASING = YES;
				CLANG_WARN_BOOL_CONVERSION = YES;
				CLANG_WARN_COMMA = YES;
				CLANG_WARN_CONSTANT_CONVERSION = YES;
				CLANG_WARN_DIRECT_OBJC_ISA_USAGE = YES_ERROR;
				CLANG_WARN_DOCUMENTATION_COMMENTS = YES;
				CLANG_WARN_EMPTY_BODY = YES;
				CLANG_WARN_ENUM_CONVERSION = YES;
				CLANG_WARN_INFINITE_RECURSION = YES;
				CLANG_WARN_INT_CONVERSION = YES;
				CLANG_WARN_NON_LITERAL_NULL_CONVERSION = YES;
				CLANG_WARN_OBJC_LITERAL_CONVERSION = YES;
				CLANG_WARN_OBJC_ROOT_CLASS = YES_ERROR;
				CLANG_WARN_RANGE_LOOP_ANALYSIS = YES;
				CLANG_WARN_STRICT_PROTOTYPES = YES;
				CLANG_WARN_SUSPICIOUS_MOVE = YES;
				CLANG_WARN_UNGUARDED_AVAILABILITY = YES_AGGRESSIVE;
				CLANG_WARN_UNREACHABLE_CODE = YES;
				CLANG_WARN__DUPLICATE_METHOD_MATCH = YES;
				CODE_SIGN_IDENTITY = "iPhone Developer";
				COPY_PHASE_STRIP = NO;
				DEBUG_INFORMATION_FORMAT = "dwarf-with-dsym";
				ENABLE_NS_ASSERTIONS = NO;
				ENABLE_STRICT_OBJC_MSGSEND = YES;
				GCC_C_LANGUAGE_STANDARD = gnu11;
				GCC_NO_COMMON_BLOCKS = YES;
				GCC_WARN_64_TO_32_BIT_CONVERSION = YES;
				GCC_WARN_ABOUT_RETURN_TYPE = YES_ERROR;
				GCC_WARN_UNDECLARED_SELECTOR = YES;
				GCC_WARN_UNINITIALIZED_AUTOS = YES_AGGRESSIVE;
				GCC_WARN_UNUSED_FUNCTION = YES;
				GCC_WARN_UNUSED_VARIABLE = YES;
				IPHONEOS_DEPLOYMENT_TARGET = 11.1;
				MTL_ENABLE_DEBUG_INFO = NO;
				SDKROOT = iphoneos;
				VALIDATE_PRODUCT = YES;
			};
			name = Release;
		};
		B60A84AC1FF1E131005C97B3 /* Debug */ = {
			isa = XCBuildConfiguration;
			buildSettings = {
				ASSETCATALOG_COMPILER_APPICON_NAME = AppIcon;
				CODE_SIGN_STYLE = Automatic;
				DEVELOPMENT_TEAM = G8BZG77GPE;
				INFOPLIST_FILE = WKWebViewJS/Info.plist;
				LD_RUNPATH_SEARCH_PATHS = "$(inherited) @executable_path/Frameworks";
				PRODUCT_BUNDLE_IDENTIFIER = ios.WKWebViewJS;
				PRODUCT_NAME = "$(TARGET_NAME)";
				TARGETED_DEVICE_FAMILY = "1,2";
			};
			name = Debug;
		};
		B60A84AD1FF1E131005C97B3 /* Release */ = {
			isa = XCBuildConfiguration;
			buildSettings = {
				ASSETCATALOG_COMPILER_APPICON_NAME = AppIcon;
				CODE_SIGN_STYLE = Automatic;
				DEVELOPMENT_TEAM = G8BZG77GPE;
				INFOPLIST_FILE = WKWebViewJS/Info.plist;
				LD_RUNPATH_SEARCH_PATHS = "$(inherited) @executable_path/Frameworks";
				PRODUCT_BUNDLE_IDENTIFIER = ios.WKWebViewJS;
				PRODUCT_NAME = "$(TARGET_NAME)";
				TARGETED_DEVICE_FAMILY = "1,2";
			};
			name = Release;
		};
/* End XCBuildConfiguration section */

/* Begin XCConfigurationList section */
		B60A84901FF1E131005C97B3 /* Build configuration list for PBXProject "WKWebViewJS" */ = {
			isa = XCConfigurationList;
			buildConfigurations = (
				B60A84A91FF1E131005C97B3 /* Debug */,
				B60A84AA1FF1E131005C97B3 /* Release */,
			);
			defaultConfigurationIsVisible = 0;
			defaultConfigurationName = Release;
		};
		B60A84AB1FF1E131005C97B3 /* Build configuration list for PBXNativeTarget "WKWebViewJS" */ = {
			isa = XCConfigurationList;
			buildConfigurations = (
				B60A84AC1FF1E131005C97B3 /* Debug */,
				B60A84AD1FF1E131005C97B3 /* Release */,
			);
			defaultConfigurationIsVisible = 0;
			defaultConfigurationName = Release;
		};
/* End XCConfigurationList section */
	};
	rootObject = B60A848D1FF1E131005C97B3 /* Project object */;
}
